PODS:
  - Capacitor (8.3.3):
    - CapacitorCordova
  - CapacitorCordova (8.3.3)

DEPENDENCIES:
  - "Capacitor (from `../../node_modules/@capacitor/ios`)"
  - "CapacitorCordova (from `../../node_modules/@capacitor/ios`)"

EXTERNAL SOURCES:
  Capacitor:
    :path: "../../node_modules/@capacitor/ios"
  CapacitorCordova:
    :path: "../../node_modules/@capacitor/ios"

SPEC CHECKSUMS:
  Capacitor: 54a6c0097c473050bc1eb968e2b24e1cb9e561a2
  CapacitorCordova: 71cde252d2c3c3e73a9586e85d2354fc8bbf0209

PODFILE CHECKSUM: 07e66ebfbec69f49518b6e337ee725a3aacb610a

COCOAPODS: 1.12.1
